
Microsoft Visual Studio Solution File, Format Version 12.00
# Visual Studio Version 17
VisualStudioVersion = 17.5.33424.131
MinimumVisualStudioVersion = 10.0.40219.1
Project("{9A19103F-16F7-4668-BE54-9A1E7A4F7556}") = "Zestaw_zadan_2", "Zestaw_zadan_2.csproj", "{3835DA6E-A8AE-4656-9FE0-74FA3D54527F}"
EndProject
Global
	GlobalSection(SolutionConfigurationPlatforms) = preSolution
		Debug|Any CPU = Debug|Any CPU
		Release|Any CPU = Release|Any CPU
	EndGlobalSection
	GlobalSection(ProjectConfigurationPlatforms) = postSolution
		{3835DA6E-A8AE-4656-9FE0-74FA3D54527F}.Debug|Any CPU.ActiveCfg = Debug|Any CPU
		{3835DA6E-A8AE-4656-9FE0-74FA3D54527F}.Debug|Any CPU.Build.0 = Debug|Any CPU
		{3835DA6E-A8AE-4656-9FE0-74FA3D54527F}.Release|Any CPU.ActiveCfg = Release|Any CPU
		{3835DA6E-A8AE-4656-9FE0-74FA3D54527F}.Release|Any CPU.Build.0 = Release|Any CPU
	EndGlobalSection
	GlobalSection(SolutionProperties) = preSolution
		HideSolutionNode = FALSE
	EndGlobalSection
	GlobalSection(ExtensibilityGlobals) = postSolution
		SolutionGuid = {822D732F-80E3-4F11-8A3D-4C897984CE9E}
	EndGlobalSection
EndGlobal
